<?xml version="1.0" encoding="utf-8"?>
<Project ToolsVersion="4.0" xmlns="http://schemas.microsoft.com/developer/msbuild/2003">
  <ItemGroup>
    <Filter Include="Utils">
      <UniqueIdentifier>{f8d3b4cc-d434-41cd-a37a-48f08f40ce43}</UniqueIdentifier>
    </Filter>
    <Filter Include="Main">
      <UniqueIdentifier>{c5879cf8-f77e-45c0-9767-8ace82f8b951}</UniqueIdentifier>
    </Filter>
    <Filter Include="Protocol">
      <UniqueIdentifier>{6615a22e-9904-478d-8f16-b9aa3f1ed242}</UniqueIdentifier>
    </Filter>
    <Filter Include="Session">
      <UniqueIdentifier>{9c145bd5-4ae6-4717-8439-45bc11da6cc3}</UniqueIdentifier>
    </Filter>
    <Filter Include="Handler">
      <UniqueIdentifier>{7af2aa9d-46ab-4540-bee0-0a82e5999667}</UniqueIdentifier>
    </Filter>
    <Filter Include="Room">
      <UniqueIdentifier>{a2ebfea8-4c31-4028-a00c-3afd04c8f986}</UniqueIdentifier>
    </Filter>
  </ItemGroup>
  <ItemGroup>
    <ClCompile Include="pch.cpp">
      <Filter>Utils</Filter>
    </ClCompile>
    <ClCompile Include="ServerMain.cpp">
      <Filter>Main</Filter>
    </ClCompile>
    <ClCompile Include="MatchSession.cpp">
      <Filter>Session</Filter>
    </ClCompile>
    <ClCompile Include="ProtocolMatch.pb.cc">
      <Filter>Protocol</Filter>
    </ClCompile>
    <ClCompile Include="Room.cpp">
      <Filter>Room</Filter>
    </ClCompile>
    <ClCompile Include="ProtocolServer.pb.cc">
      <Filter>Protocol</Filter>
    </ClCompile>
    <ClCompile Include="GameSession.cpp">
      <Filter>Session</Filter>
    </ClCompile>
    <ClCompile Include="NpcSession.cpp">
      <Filter>Session</Filter>
    </ClCompile>
    <ClCompile Include="PacketSession.cpp">
      <Filter>Utils</Filter>
    </ClCompile>
    <ClCompile Include="ProtocolConnect.pb.cc">
      <Filter>Protocol</Filter>
    </ClCompile>
    <ClCompile Include="GameHandler.cpp">
      <Filter>Handler</Filter>
    </ClCompile>
    <ClCompile Include="MatchHandler.cpp">
      <Filter>Handler</Filter>
    </ClCompile>
    <ClCompile Include="ProtocolNpc.pb.cc">
      <Filter>Protocol</Filter>
    </ClCompile>
    <ClCompile Include="NpcHandler.cpp">
      <Filter>Handler</Filter>
    </ClCompile>
    <ClCompile Include="Rooms.cpp">
      <Filter>Room</Filter>
    </ClCompile>
  </ItemGroup>
  <ItemGroup>
    <ClInclude Include="pch.h">
      <Filter>Utils</Filter>
    </ClInclude>
    <ClInclude Include="MatchSession.h">
      <Filter>Session</Filter>
    </ClInclude>
    <ClInclude Include="Constant.h">
      <Filter>Utils</Filter>
    </ClInclude>
    <ClInclude Include="ProtocolMatch.pb.h">
      <Filter>Protocol</Filter>
    </ClInclude>
    <ClInclude Include="Room.h">
      <Filter>Room</Filter>
    </ClInclude>
    <ClInclude Include="ProtocolServer.pb.h">
      <Filter>Protocol</Filter>
    </ClInclude>
    <ClInclude Include="GameSession.h">
      <Filter>Session</Filter>
    </ClInclude>
    <ClInclude Include="NpcSession.h">
      <Filter>Session</Filter>
    </ClInclude>
    <ClInclude Include="PacketSession.h">
      <Filter>Utils</Filter>
    </ClInclude>
    <ClInclude Include="ProtocolConnect.pb.h">
      <Filter>Protocol</Filter>
    </ClInclude>
    <ClInclude Include="MatchHandler.h">
      <Filter>Handler</Filter>
    </ClInclude>
    <ClInclude Include="GameHandler.h">
      <Filter>Handler</Filter>
    </ClInclude>
    <ClInclude Include="ProtocolNpc.pb.h">
      <Filter>Protocol</Filter>
    </ClInclude>
    <ClInclude Include="NpcHandler.h">
      <Filter>Handler</Filter>
    </ClInclude>
    <ClInclude Include="Rooms.h">
      <Filter>Room</Filter>
    </ClInclude>
  </ItemGroup>
</Project>