<?xml version="1.0" encoding="utf-8"?>
<Project ToolsVersion="4.0" xmlns="http://schemas.microsoft.com/developer/msbuild/2003">
  <ItemGroup>
    <Filter Include="Main">
      <UniqueIdentifier>{f36ca318-990a-4f0b-abf2-ed7091bc425f}</UniqueIdentifier>
    </Filter>
    <Filter Include="Protocol">
      <UniqueIdentifier>{8c58aa10-02ac-404e-8854-9bf7d67041b9}</UniqueIdentifier>
    </Filter>
    <Filter Include="Utils">
      <UniqueIdentifier>{8279924e-e9e2-4595-921f-02102796f77a}</UniqueIdentifier>
    </Filter>
    <Filter Include="Core">
      <UniqueIdentifier>{d9719e8a-e731-4534-9f3e-f39447587166}</UniqueIdentifier>
    </Filter>
  </ItemGroup>
  <ItemGroup>
    <ClCompile Include="main.cpp">
      <Filter>Main</Filter>
    </ClCompile>
    <ClCompile Include="ProtocolNpc.pb.cc">
      <Filter>Protocol</Filter>
    </ClCompile>
    <ClCompile Include="PacketManager.cpp">
      <Filter>Utils</Filter>
    </ClCompile>
    <ClCompile Include="ServerNpc.cpp">
      <Filter>Core</Filter>
    </ClCompile>
    <ClCompile Include="ObstacleThread.cpp">
      <Filter>Core</Filter>
    </ClCompile>
  </ItemGroup>
  <ItemGroup>
    <ClInclude Include="ProtocolNpc.pb.h">
      <Filter>Protocol</Filter>
    </ClInclude>
    <ClInclude Include="PacketManager.h">
      <Filter>Utils</Filter>
    </ClInclude>
    <ClInclude Include="ServerNpc.h">
      <Filter>Core</Filter>
    </ClInclude>
  </ItemGroup>
</Project>