<?xml version="1.0" encoding="utf-8"?>
<Project ToolsVersion="4.0" xmlns="http://schemas.microsoft.com/developer/msbuild/2003">
  <ItemGroup>
    <Filter Include="Main">
      <UniqueIdentifier>{a68778ca-ce09-44fc-9286-f7d457a5e43e}</UniqueIdentifier>
    </Filter>
    <Filter Include="Utils">
      <UniqueIdentifier>{ba14ff8e-0d80-449e-a77b-82428e6a2d12}</UniqueIdentifier>
    </Filter>
    <Filter Include="Protocol">
      <UniqueIdentifier>{a32bf47c-eb90-4661-8592-7cf75e14c666}</UniqueIdentifier>
    </Filter>
    <Filter Include="Session">
      <UniqueIdentifier>{e0b252f9-351d-465b-89f8-5fc811b868ec}</UniqueIdentifier>
    </Filter>
  </ItemGroup>
  <ItemGroup>
    <ClCompile Include="DummyMain.cpp">
      <Filter>Main</Filter>
    </ClCompile>
    <ClCompile Include="pch.cpp">
      <Filter>Utils</Filter>
    </ClCompile>
    <ClCompile Include="ProtocolMatch.pb.cc">
      <Filter>Protocol</Filter>
    </ClCompile>
    <ClCompile Include="PacketHandler.cpp">
      <Filter>Utils</Filter>
    </ClCompile>
    <ClCompile Include="MatchSession.cpp">
      <Filter>Session</Filter>
    </ClCompile>
    <ClCompile Include="PacketSession.cpp">
      <Filter>Session</Filter>
    </ClCompile>
    <ClCompile Include="GameSession.cpp">
      <Filter>Session</Filter>
    </ClCompile>
    <ClCompile Include="ProtocolTest.pb.cc">
      <Filter>Protocol</Filter>
    </ClCompile>
    <ClCompile Include="GameHandler.cpp">
      <Filter>Utils</Filter>
    </ClCompile>
  </ItemGroup>
  <ItemGroup>
    <ClInclude Include="pch.h">
      <Filter>Utils</Filter>
    </ClInclude>
    <ClInclude Include="ProtocolMatch.pb.h">
      <Filter>Protocol</Filter>
    </ClInclude>
    <ClInclude Include="PacketHandler.h">
      <Filter>Utils</Filter>
    </ClInclude>
    <ClInclude Include="MatchSession.h">
      <Filter>Session</Filter>
    </ClInclude>
    <ClInclude Include="PacketSession.h">
      <Filter>Session</Filter>
    </ClInclude>
    <ClInclude Include="GameSession.h">
      <Filter>Session</Filter>
    </ClInclude>
    <ClInclude Include="ProtocolTest.pb.h">
      <Filter>Protocol</Filter>
    </ClInclude>
    <ClInclude Include="GameHandler.h">
      <Filter>Utils</Filter>
    </ClInclude>
  </ItemGroup>
</Project>