<?xml version="1.0" encoding="utf-8"?>
<Project ToolsVersion="4.0" xmlns="http://schemas.microsoft.com/developer/msbuild/2003">
  <ItemGroup>
    <Filter Include="Main">
      <UniqueIdentifier>{ee170f43-acf4-4176-bdba-3d6a661f8d02}</UniqueIdentifier>
    </Filter>
    <Filter Include="Thread">
      <UniqueIdentifier>{d0c923ff-7e13-4ad8-a73e-b733de99c8d6}</UniqueIdentifier>
    </Filter>
    <Filter Include="Lock">
      <UniqueIdentifier>{ca53acc4-eb93-4077-bde9-a5ab9907fa2b}</UniqueIdentifier>
    </Filter>
    <Filter Include="Network">
      <UniqueIdentifier>{1b312a87-e812-4736-abcd-6ec0d1bf8bdd}</UniqueIdentifier>
    </Filter>
    <Filter Include="Buffer">
      <UniqueIdentifier>{f105bce1-5c77-4d23-a4e8-e8b5da9fc7d3}</UniqueIdentifier>
    </Filter>
  </ItemGroup>
  <ItemGroup>
    <ClCompile Include="ThreadPool.cpp">
      <Filter>Thread</Filter>
    </ClCompile>
    <ClCompile Include="SpinLock.cpp">
      <Filter>Lock</Filter>
    </ClCompile>
    <ClCompile Include="CoreGlobal.cpp">
      <Filter>Main</Filter>
    </ClCompile>
    <ClCompile Include="IocpCore.cpp">
      <Filter>Network</Filter>
    </ClCompile>
    <ClCompile Include="IocpEvent.cpp">
      <Filter>Network</Filter>
    </ClCompile>
    <ClCompile Include="Listener.cpp">
      <Filter>Network</Filter>
    </ClCompile>
    <ClCompile Include="NetAddress.cpp">
      <Filter>Network</Filter>
    </ClCompile>
    <ClCompile Include="Service.cpp">
      <Filter>Network</Filter>
    </ClCompile>
    <ClCompile Include="Session.cpp">
      <Filter>Network</Filter>
    </ClCompile>
    <ClCompile Include="SocketUtils.cpp">
      <Filter>Network</Filter>
    </ClCompile>
    <ClCompile Include="pch.cpp">
      <Filter>Main</Filter>
    </ClCompile>
    <ClCompile Include="SendBuffer.cpp">
      <Filter>Buffer</Filter>
    </ClCompile>
    <ClCompile Include="RecvBuffer.cpp">
      <Filter>Buffer</Filter>
    </ClCompile>
    <ClCompile Include="CoreTLS.cpp">
      <Filter>Main</Filter>
    </ClCompile>
  </ItemGroup>
  <ItemGroup>
    <ClInclude Include="ThreadPool.h">
      <Filter>Thread</Filter>
    </ClInclude>
    <ClInclude Include="SpinLock.h">
      <Filter>Lock</Filter>
    </ClInclude>
    <ClInclude Include="CoreGlobal.h">
      <Filter>Main</Filter>
    </ClInclude>
    <ClInclude Include="IocpCore.h">
      <Filter>Network</Filter>
    </ClInclude>
    <ClInclude Include="IocpEvent.h">
      <Filter>Network</Filter>
    </ClInclude>
    <ClInclude Include="Listener.h">
      <Filter>Network</Filter>
    </ClInclude>
    <ClInclude Include="NetAddress.h">
      <Filter>Network</Filter>
    </ClInclude>
    <ClInclude Include="Service.h">
      <Filter>Network</Filter>
    </ClInclude>
    <ClInclude Include="Session.h">
      <Filter>Network</Filter>
    </ClInclude>
    <ClInclude Include="SocketUtils.h">
      <Filter>Network</Filter>
    </ClInclude>
    <ClInclude Include="Types.h">
      <Filter>Main</Filter>
    </ClInclude>
    <ClInclude Include="pch.h">
      <Filter>Main</Filter>
    </ClInclude>
    <ClInclude Include="SendBuffer.h">
      <Filter>Buffer</Filter>
    </ClInclude>
    <ClInclude Include="RecvBuffer.h">
      <Filter>Buffer</Filter>
    </ClInclude>
    <ClInclude Include="CoreTLS.h">
      <Filter>Main</Filter>
    </ClInclude>
  </ItemGroup>
</Project>